
Microsoft Visual Studio Solution File, Format Version 12.00
# Visual Studio Version 17
VisualStudioVersion = 17.3.32929.385
MinimumVisualStudioVersion = 10.0.40219.1
Project("{FAE04EC0-301F-11D3-BF4B-00C04F79EFBC}") = "InvertValues", "InvertValues\InvertValues.csproj", "{4CE5CFD5-04E2-4140-ACE3-DB185BAFC279}"
EndProject
Global
	GlobalSection(SolutionConfigurationPlatforms) = preSolution
		Debug|Any CPU = Debug|Any CPU
		Release|Any CPU = Release|Any CPU
	EndGlobalSection
	GlobalSection(ProjectConfigurationPlatforms) = postSolution
		{4CE5CFD5-04E2-4140-ACE3-DB185BAFC279}.Debug|Any CPU.ActiveCfg = Debug|Any CPU
		{4CE5CFD5-04E2-4140-ACE3-DB185BAFC279}.Debug|Any CPU.Build.0 = Debug|Any CPU
		{4CE5CFD5-04E2-4140-ACE3-DB185BAFC279}.Release|Any CPU.ActiveCfg = Release|Any CPU
		{4CE5CFD5-04E2-4140-ACE3-DB185BAFC279}.Release|Any CPU.Build.0 = Release|Any CPU
	EndGlobalSection
	GlobalSection(SolutionProperties) = preSolution
		HideSolutionNode = FALSE
	EndGlobalSection
	GlobalSection(ExtensibilityGlobals) = postSolution
		SolutionGuid = {019A83DA-F3AD-41C8-8E9D-F1E44B4A83CD}
	EndGlobalSection
EndGlobal
